
Microsoft Visual Studio Solution File, Format Version 12.00
# Visual Studio Version 17
VisualStudioVersion = 17.5.002.0
MinimumVisualStudioVersion = 10.0.40219.1
Project("{9A19103F-16F7-4668-BE54-9A1E7A4F7556}") = "MvcClient", "MvcClient.csproj", "{2F30E204-CE27-4674-B376-3F019322FF68}"
EndProject
Global
	GlobalSection(SolutionConfigurationPlatforms) = preSolution
		Debug|Any CPU = Debug|Any CPU
		Release|Any CPU = Release|Any CPU
	EndGlobalSection
	GlobalSection(ProjectConfigurationPlatforms) = postSolution
		{2F30E204-CE27-4674-B376-3F019322FF68}.Debug|Any CPU.ActiveCfg = Debug|Any CPU
		{2F30E204-CE27-4674-B376-3F019322FF68}.Debug|Any CPU.Build.0 = Debug|Any CPU
		{2F30E204-CE27-4674-B376-3F019322FF68}.Release|Any CPU.ActiveCfg = Release|Any CPU
		{2F30E204-CE27-4674-B376-3F019322FF68}.Release|Any CPU.Build.0 = Release|Any CPU
	EndGlobalSection
	GlobalSection(SolutionProperties) = preSolution
		HideSolutionNode = FALSE
	EndGlobalSection
	GlobalSection(ExtensibilityGlobals) = postSolution
		SolutionGuid = {5E3F800B-5726-4474-898F-BB405CA3AA43}
	EndGlobalSection
EndGlobal
